
Microsoft Visual Studio Solution File, Format Version 12.00
# Visual Studio Version 16
VisualStudioVersion = 16.0.30406.217
MinimumVisualStudioVersion = 10.0.40219.1
Project("{FAE04EC0-301F-11D3-BF4B-00C04F79EFBC}") = "ReStartRemoateComputer", "ReStartRemoateComputer.csproj", "{814864E7-95BE-4833-9BE3-B199A1D577E2}"
EndProject
Global
	GlobalSection(SolutionConfigurationPlatforms) = preSolution
		Debug|Any CPU = Debug|Any CPU
		Release|Any CPU = Release|Any CPU
	EndGlobalSection
	GlobalSection(ProjectConfigurationPlatforms) = postSolution
		{814864E7-95BE-4833-9BE3-B199A1D577E2}.Debug|Any CPU.ActiveCfg = Debug|Any CPU
		{814864E7-95BE-4833-9BE3-B199A1D577E2}.Debug|Any CPU.Build.0 = Debug|Any CPU
		{814864E7-95BE-4833-9BE3-B199A1D577E2}.Release|Any CPU.ActiveCfg = Release|Any CPU
		{814864E7-95BE-4833-9BE3-B199A1D577E2}.Release|Any CPU.Build.0 = Release|Any CPU
	EndGlobalSection
	GlobalSection(SolutionProperties) = preSolution
		HideSolutionNode = FALSE
	EndGlobalSection
	GlobalSection(ExtensibilityGlobals) = postSolution
		SolutionGuid = {EC68598F-F8EC-4DBE-91CF-DA843632BD3F}
	EndGlobalSection
EndGlobal
